
Microsoft Visual Studio Solution File, Format Version 12.00
# Visual Studio Version 17
VisualStudioVersion = 17.13.35825.156 d17.13
MinimumVisualStudioVersion = 10.0.40219.1
Project("{FAE04EC0-301F-11D3-BF4B-00C04F79EFBC}") = "P01_StudentSystem", "P01_StudentSystem.csproj", "{DBEAEA27-D78D-4BBC-884D-0B8EF04782BD}"
EndProject
Global
	GlobalSection(SolutionConfigurationPlatforms) = preSolution
		Debug|Any CPU = Debug|Any CPU
		Release|Any CPU = Release|Any CPU
	EndGlobalSection
	GlobalSection(ProjectConfigurationPlatforms) = postSolution
		{DBEAEA27-D78D-4BBC-884D-0B8EF04782BD}.Debug|Any CPU.ActiveCfg = Debug|Any CPU
		{DBEAEA27-D78D-4BBC-884D-0B8EF04782BD}.Debug|Any CPU.Build.0 = Debug|Any CPU
		{DBEAEA27-D78D-4BBC-884D-0B8EF04782BD}.Release|Any CPU.ActiveCfg = Release|Any CPU
		{DBEAEA27-D78D-4BBC-884D-0B8EF04782BD}.Release|Any CPU.Build.0 = Release|Any CPU
	EndGlobalSection
	GlobalSection(SolutionProperties) = preSolution
		HideSolutionNode = FALSE
	EndGlobalSection
	GlobalSection(ExtensibilityGlobals) = postSolution
		SolutionGuid = {4D845763-B884-4E86-8269-98BF2FCFC295}
	EndGlobalSection
EndGlobal
